
Microsoft Visual Studio Solution File, Format Version 12.00
# Visual Studio 15
VisualStudioVersion = 15.0.28307.757
MinimumVisualStudioVersion = 10.0.40219.1
Project("{FAE04EC0-301F-11D3-BF4B-00C04F79EFBC}") = "RentApi.Shared", "RentApi.Shared\RentApi.Shared.csproj", "{218FFD37-CA8D-4053-A25B-D4D450F210D1}"
EndProject
Global
	GlobalSection(SolutionConfigurationPlatforms) = preSolution
		Debug|Any CPU = Debug|Any CPU
		Release|Any CPU = Release|Any CPU
	EndGlobalSection
	GlobalSection(ProjectConfigurationPlatforms) = postSolution
		{218FFD37-CA8D-4053-A25B-D4D450F210D1}.Debug|Any CPU.ActiveCfg = Debug|Any CPU
		{218FFD37-CA8D-4053-A25B-D4D450F210D1}.Debug|Any CPU.Build.0 = Debug|Any CPU
		{218FFD37-CA8D-4053-A25B-D4D450F210D1}.Release|Any CPU.ActiveCfg = Release|Any CPU
		{218FFD37-CA8D-4053-A25B-D4D450F210D1}.Release|Any CPU.Build.0 = Release|Any CPU
	EndGlobalSection
	GlobalSection(SolutionProperties) = preSolution
		HideSolutionNode = FALSE
	EndGlobalSection
	GlobalSection(ExtensibilityGlobals) = postSolution
		SolutionGuid = {3D52D8B3-D655-4561-83DF-7E55BD2C5378}
	EndGlobalSection
EndGlobal
